PODS:
  - audioplayers_darwin (0.0.1):
    - Flutter
    - FlutterMacOS
  - device_info_plus (0.0.1):
    - Flutter
  - DKImagePickerController/Core (4.3.9):
    - DKImagePickerController/ImageDataManager
    - DKImagePickerController/Resource
  - DKImagePickerController/ImageDataManager (4.3.9)
  - DKImagePickerController/PhotoGallery (4.3.9):
    - DKImagePickerController/Core
    - DKPhotoGallery
  - DKImagePickerController/Resource (4.3.9)
  - DKPhotoGallery (0.0.19):
    - DKPhotoGallery/Core (= 0.0.19)
    - DKPhotoGallery/Model (= 0.0.19)
    - DKPhotoGallery/Preview (= 0.0.19)
    - DKPhotoGallery/Resource (= 0.0.19)
    - SDWebImage
    - SwiftyGif
  - DKPhotoGallery/Core (0.0.19):
    - DKPhotoGallery/Model
    - DKPhotoGallery/Preview
    - SDWebImage
    - SwiftyGif
  - DKPhotoGallery/Model (0.0.19):
    - SDWebImage
    - SwiftyGif
  - DKPhotoGallery/Preview (0.0.19):
    - DKPhotoGallery/Model
    - DKPhotoGallery/Resource
    - SDWebImage
    - SwiftyGif
  - DKPhotoGallery/Resource (0.0.19):
    - SDWebImage
    - SwiftyGif
  - file_picker (0.0.1):
    - DKImagePickerController/PhotoGallery
    - Flutter
  - Flutter (1.0.0)
  - flutter_js (0.1.0):
    - Flutter
  - flutter_secure_storage_darwin (10.0.0):
    - Flutter
    - FlutterMacOS
  - flutter_tts (0.0.1):
    - Flutter
  - flutter_web_auth_2 (5.0.0):
    - Flutter
  - in_app_purchase_storekit (0.0.1):
    - Flutter
    - FlutterMacOS
  - package_info_plus (0.4.5):
    - Flutter
  - passkeys_darwin (0.0.1):
    - Flutter
    - FlutterMacOS
  - path_provider_foundation (0.0.1):
    - Flutter
    - FlutterMacOS
  - pdfx (1.0.0):
    - Flutter
  - SDWebImage (5.21.7):
    - SDWebImage/Core (= 5.21.7)
  - SDWebImage/Core (5.21.7)
  - shared_preferences_foundation (0.0.1):
    - Flutter
    - FlutterMacOS
  - sign_in_with_apple (0.0.1):
    - Flutter
    - FlutterMacOS
  - sqflite_darwin (0.0.4):
    - Flutter
    - FlutterMacOS
  - SwiftyGif (5.4.5)
  - ua_client_hints (1.7.0):
    - Flutter
  - url_launcher_ios (0.0.1):
    - Flutter

DEPENDENCIES:
  - audioplayers_darwin (from `.symlinks/plugins/audioplayers_darwin/darwin`)
  - device_info_plus (from `.symlinks/plugins/device_info_plus/ios`)
  - file_picker (from `.symlinks/plugins/file_picker/ios`)
  - Flutter (from `Flutter`)
  - flutter_js (from `.symlinks/plugins/flutter_js/ios`)
  - flutter_secure_storage_darwin (from `.symlinks/plugins/flutter_secure_storage_darwin/darwin`)
  - flutter_tts (from `.symlinks/plugins/flutter_tts/ios`)
  - flutter_web_auth_2 (from `.symlinks/plugins/flutter_web_auth_2/ios`)
  - in_app_purchase_storekit (from `.symlinks/plugins/in_app_purchase_storekit/darwin`)
  - package_info_plus (from `.symlinks/plugins/package_info_plus/ios`)
  - passkeys_darwin (from `.symlinks/plugins/passkeys_darwin/darwin`)
  - path_provider_foundation (from `.symlinks/plugins/path_provider_foundation/darwin`)
  - pdfx (from `.symlinks/plugins/pdfx/ios`)
  - shared_preferences_foundation (from `.symlinks/plugins/shared_preferences_foundation/darwin`)
  - sign_in_with_apple (from `.symlinks/plugins/sign_in_with_apple/darwin`)
  - sqflite_darwin (from `.symlinks/plugins/sqflite_darwin/darwin`)
  - ua_client_hints (from `.symlinks/plugins/ua_client_hints/ios`)
  - url_launcher_ios (from `.symlinks/plugins/url_launcher_ios/ios`)

SPEC REPOS:
  trunk:
    - DKImagePickerController
    - DKPhotoGallery
    - SDWebImage
    - SwiftyGif

EXTERNAL SOURCES:
  audioplayers_darwin:
    :path: ".symlinks/plugins/audioplayers_darwin/darwin"
  device_info_plus:
    :path: ".symlinks/plugins/device_info_plus/ios"
  file_picker:
    :path: ".symlinks/plugins/file_picker/ios"
  Flutter:
    :path: Flutter
  flutter_js:
    :path: ".symlinks/plugins/flutter_js/ios"
  flutter_secure_storage_darwin:
    :path: ".symlinks/plugins/flutter_secure_storage_darwin/darwin"
  flutter_tts:
    :path: ".symlinks/plugins/flutter_tts/ios"
  flutter_web_auth_2:
    :path: ".symlinks/plugins/flutter_web_auth_2/ios"
  in_app_purchase_storekit:
    :path: ".symlinks/plugins/in_app_purchase_storekit/darwin"
  package_info_plus:
    :path: ".symlinks/plugins/package_info_plus/ios"
  passkeys_darwin:
    :path: ".symlinks/plugins/passkeys_darwin/darwin"
  path_provider_foundation:
    :path: ".symlinks/plugins/path_provider_foundation/darwin"
  pdfx:
    :path: ".symlinks/plugins/pdfx/ios"
  shared_preferences_foundation:
    :path: ".symlinks/plugins/shared_preferences_foundation/darwin"
  sign_in_with_apple:
    :path: ".symlinks/plugins/sign_in_with_apple/darwin"
  sqflite_darwin:
    :path: ".symlinks/plugins/sqflite_darwin/darwin"
  ua_client_hints:
    :path: ".symlinks/plugins/ua_client_hints/ios"
  url_launcher_ios:
    :path: ".symlinks/plugins/url_launcher_ios/ios"

SPEC CHECKSUMS:
  audioplayers_darwin: 835ced6edd4c9fc8ebb0a7cc9e294a91d99917d5
  device_info_plus: 21fcca2080fbcd348be798aa36c3e5ed849eefbe
  DKImagePickerController: 946cec48c7873164274ecc4624d19e3da4c1ef3c
  DKPhotoGallery: b3834fecb755ee09a593d7c9e389d8b5d6deed60
  file_picker: a0560bc09d61de87f12d246fc47d2119e6ef37be
  Flutter: cabc95a1d2626b1b06e7179b784ebcf0c0cde467
  flutter_js: 867813c1830e1d9b2c5d547cdb6f61801e2f2145
  flutter_secure_storage_darwin: acdb3f316ed05a3e68f856e0353b133eec373a23
  flutter_tts: 35ac3c7d42412733e795ea96ad2d7e05d0a75113
  flutter_web_auth_2: 646fc9df97a01c59e5eea99b237da2c6360f8439
  in_app_purchase_storekit: 22cca7d08eebca9babdf4d07d0baccb73325d3c8
  package_info_plus: af8e2ca6888548050f16fa2f1938db7b5a5df499
  passkeys_darwin: 395f63bb4dbfe81344ada36400c391e86fc395ea
  path_provider_foundation: 080d55be775b7414fd5a5ef3ac137b97b097e564
  pdfx: 77f4dddc48361fbb01486fa2bdee4532cbb97ef3
  SDWebImage: e9fc87c1aab89a8ab1bbd74eba378c6f53be8abf
  shared_preferences_foundation: 9e1978ff2562383bd5676f64ec4e9aa8fa06a6f7
  sign_in_with_apple: 5e34677a4e74c5f42760f41b3bbe05343e84d171
  sqflite_darwin: 20b2a3a3b70e43edae938624ce550a3cbf66a3d0
  SwiftyGif: 706c60cf65fa2bc5ee0313beece843c8eb8194d4
  ua_client_hints: 6f8942ec0651883e0959cf255cdeaf8f93cf69e3
  url_launcher_ios: 694010445543906933d732453a59da0a173ae33d

PODFILE CHECKSUM: edf1b618b188c9352b3f71874d340d1d62566bf0

COCOAPODS: 1.16.2
